
Microsoft Visual Studio Solution File, Format Version 12.00
# Visual Studio 2012
Project("{8BC9CEB8-8B4A-11D0-8D11-00A0C91BC942}") = "Sentence Capitalizer", "Sentence Capitalizer\Sentence Capitalizer.vcxproj", "{9DA2AF0C-B167-48A0-90DD-F40DF545C390}"
EndProject
Global
	GlobalSection(SolutionConfigurationPlatforms) = preSolution
		Debug|Win32 = Debug|Win32
		Release|Win32 = Release|Win32
	EndGlobalSection
	GlobalSection(ProjectConfigurationPlatforms) = postSolution
		{9DA2AF0C-B167-48A0-90DD-F40DF545C390}.Debug|Win32.ActiveCfg = Debug|Win32
		{9DA2AF0C-B167-48A0-90DD-F40DF545C390}.Debug|Win32.Build.0 = Debug|Win32
		{9DA2AF0C-B167-48A0-90DD-F40DF545C390}.Release|Win32.ActiveCfg = Release|Win32
		{9DA2AF0C-B167-48A0-90DD-F40DF545C390}.Release|Win32.Build.0 = Release|Win32
	EndGlobalSection
	GlobalSection(SolutionProperties) = preSolution
		HideSolutionNode = FALSE
	EndGlobalSection
EndGlobal
